
Microsoft Visual Studio Solution File, Format Version 12.00
# Visual Studio Version 16
VisualStudioVersion = 16.0.29709.97
MinimumVisualStudioVersion = 10.0.40219.1
Project("{9A19103F-16F7-4668-BE54-9A1E7A4F7556}") = "userManagement", "..\SVC_UserManagement\userManagement.csproj", "{6B15AFEC-97B1-4DEB-A749-23EC9D47F416}"
EndProject
Project("{9A19103F-16F7-4668-BE54-9A1E7A4F7556}") = "NotificationManagemntDBEntity", "..\SHR_DbEntity\NotificationManagemntDBEntity.csproj", "{9361BC1F-22D8-4055-A741-C1FC3236430F}"
EndProject
Global
	GlobalSection(SolutionConfigurationPlatforms) = preSolution
		Debug|Any CPU = Debug|Any CPU
		Release|Any CPU = Release|Any CPU
	EndGlobalSection
	GlobalSection(ProjectConfigurationPlatforms) = postSolution
		{6B15AFEC-97B1-4DEB-A749-23EC9D47F416}.Debug|Any CPU.ActiveCfg = Debug|Any CPU
		{6B15AFEC-97B1-4DEB-A749-23EC9D47F416}.Debug|Any CPU.Build.0 = Debug|Any CPU
		{6B15AFEC-97B1-4DEB-A749-23EC9D47F416}.Release|Any CPU.ActiveCfg = Release|Any CPU
		{6B15AFEC-97B1-4DEB-A749-23EC9D47F416}.Release|Any CPU.Build.0 = Release|Any CPU
		{9361BC1F-22D8-4055-A741-C1FC3236430F}.Debug|Any CPU.ActiveCfg = Debug|Any CPU
		{9361BC1F-22D8-4055-A741-C1FC3236430F}.Debug|Any CPU.Build.0 = Debug|Any CPU
		{9361BC1F-22D8-4055-A741-C1FC3236430F}.Release|Any CPU.ActiveCfg = Release|Any CPU
		{9361BC1F-22D8-4055-A741-C1FC3236430F}.Release|Any CPU.Build.0 = Release|Any CPU
	EndGlobalSection
	GlobalSection(SolutionProperties) = preSolution
		HideSolutionNode = FALSE
	EndGlobalSection
	GlobalSection(ExtensibilityGlobals) = postSolution
		SolutionGuid = {86D344A6-061F-4246-8EFE-BDD74CD7EF05}
	EndGlobalSection
EndGlobal
